
Microsoft Visual Studio Solution File, Format Version 12.00
# Visual Studio Version 16
VisualStudioVersion = 16.0.30907.101
MinimumVisualStudioVersion = 10.0.40219.1
Project("{9A19103F-16F7-4668-BE54-9A1E7A4F7556}") = "UIWeb", "mshmedya_core\UIWeb.csproj", "{20783FE2-02F4-4A03-8ECF-16E717B72C51}"
EndProject
Project("{9A19103F-16F7-4668-BE54-9A1E7A4F7556}") = "DataAccess", "DataAccess\DataAccess.csproj", "{17057390-EC49-49C3-9787-DBFD9773912B}"
EndProject
Project("{9A19103F-16F7-4668-BE54-9A1E7A4F7556}") = "Service", "Service\Service.csproj", "{DE709FED-BB8A-471F-85DB-FF79071EE926}"
EndProject
Project("{9A19103F-16F7-4668-BE54-9A1E7A4F7556}") = "Core", "Core\Core.csproj", "{1EC6849B-6977-4065-B499-007E2151F1ED}"
EndProject
Project("{9A19103F-16F7-4668-BE54-9A1E7A4F7556}") = "Model", "Model\Model.csproj", "{45FEC3CE-26D9-4ECB-902E-C9373496EC33}"
EndProject
Global
	GlobalSection(SolutionConfigurationPlatforms) = preSolution
		Debug|Any CPU = Debug|Any CPU
		Release|Any CPU = Release|Any CPU
	EndGlobalSection
	GlobalSection(ProjectConfigurationPlatforms) = postSolution
		{20783FE2-02F4-4A03-8ECF-16E717B72C51}.Debug|Any CPU.ActiveCfg = Debug|Any CPU
		{20783FE2-02F4-4A03-8ECF-16E717B72C51}.Debug|Any CPU.Build.0 = Debug|Any CPU
		{20783FE2-02F4-4A03-8ECF-16E717B72C51}.Release|Any CPU.ActiveCfg = Release|Any CPU
		{20783FE2-02F4-4A03-8ECF-16E717B72C51}.Release|Any CPU.Build.0 = Release|Any CPU
		{17057390-EC49-49C3-9787-DBFD9773912B}.Debug|Any CPU.ActiveCfg = Debug|Any CPU
		{17057390-EC49-49C3-9787-DBFD9773912B}.Debug|Any CPU.Build.0 = Debug|Any CPU
		{17057390-EC49-49C3-9787-DBFD9773912B}.Release|Any CPU.ActiveCfg = Release|Any CPU
		{17057390-EC49-49C3-9787-DBFD9773912B}.Release|Any CPU.Build.0 = Release|Any CPU
		{DE709FED-BB8A-471F-85DB-FF79071EE926}.Debug|Any CPU.ActiveCfg = Debug|Any CPU
		{DE709FED-BB8A-471F-85DB-FF79071EE926}.Debug|Any CPU.Build.0 = Debug|Any CPU
		{DE709FED-BB8A-471F-85DB-FF79071EE926}.Release|Any CPU.ActiveCfg = Release|Any CPU
		{DE709FED-BB8A-471F-85DB-FF79071EE926}.Release|Any CPU.Build.0 = Release|Any CPU
		{1EC6849B-6977-4065-B499-007E2151F1ED}.Debug|Any CPU.ActiveCfg = Debug|Any CPU
		{1EC6849B-6977-4065-B499-007E2151F1ED}.Debug|Any CPU.Build.0 = Debug|Any CPU
		{1EC6849B-6977-4065-B499-007E2151F1ED}.Release|Any CPU.ActiveCfg = Release|Any CPU
		{1EC6849B-6977-4065-B499-007E2151F1ED}.Release|Any CPU.Build.0 = Release|Any CPU
		{45FEC3CE-26D9-4ECB-902E-C9373496EC33}.Debug|Any CPU.ActiveCfg = Debug|Any CPU
		{45FEC3CE-26D9-4ECB-902E-C9373496EC33}.Debug|Any CPU.Build.0 = Debug|Any CPU
		{45FEC3CE-26D9-4ECB-902E-C9373496EC33}.Release|Any CPU.ActiveCfg = Release|Any CPU
		{45FEC3CE-26D9-4ECB-902E-C9373496EC33}.Release|Any CPU.Build.0 = Release|Any CPU
	EndGlobalSection
	GlobalSection(SolutionProperties) = preSolution
		HideSolutionNode = FALSE
	EndGlobalSection
	GlobalSection(ExtensibilityGlobals) = postSolution
		SolutionGuid = {5280B23A-EB67-46AE-9434-38B571DBD946}
	EndGlobalSection
EndGlobal
